
Microsoft Visual Studio Solution File, Format Version 12.00
# Visual Studio Version 16
VisualStudioVersion = 16.0.29318.209
MinimumVisualStudioVersion = 10.0.40219.1
Project("{9A19103F-16F7-4668-BE54-9A1E7A4F7556}") = "AspNetCore.Identity.Mongo", "AspNetCore.Identity.Mongo\AspNetCore.Identity.Mongo.csproj", "{39E2704C-B0DE-4BD2-849F-5B51332EE03F}"
EndProject
Project("{9A19103F-16F7-4668-BE54-9A1E7A4F7556}") = "Selfcheck", "Selfcheck\Selfcheck.csproj", "{6D10BD6E-12BF-4681-B969-5D2F051950C2}"
EndProject
Project("{9A19103F-16F7-4668-BE54-9A1E7A4F7556}") = "TestSite", "TestSite\TestSite.csproj", "{25627014-8963-42D8-B1EC-A56FBDE16937}"
EndProject
Project("{2150E333-8FDC-42A3-9474-1A3956D46DE8}") = "Solution Items", "Solution Items", "{703D8F39-B182-45FF-85DC-140D730F237E}"
	ProjectSection(SolutionItems) = preProject
		.editorconfig = .editorconfig
		LICENSE.txt = LICENSE.txt
		README.md = README.md
	EndProjectSection
EndProject
Project("{2150E333-8FDC-42A3-9474-1A3956D46DE8}") = "docs", "docs", "{0B883132-A85E-4EA6-9ADC-1EFD7E006F3E}"
	ProjectSection(SolutionItems) = preProject
		docs\MigrationGuideFromVersion3_1_5ToVersion6_7_0AndUpper.md = docs\MigrationGuideFromVersion3_1_5ToVersion6_7_0AndUpper.md
		docs\MigrationGuideToVersion6_7_0AndUpper.md = docs\MigrationGuideToVersion6_7_0AndUpper.md
	EndProjectSection
EndProject
Global
	GlobalSection(SolutionConfigurationPlatforms) = preSolution
		Debug|Any CPU = Debug|Any CPU
		Release|Any CPU = Release|Any CPU
	EndGlobalSection
	GlobalSection(ProjectConfigurationPlatforms) = postSolution
		{39E2704C-B0DE-4BD2-849F-5B51332EE03F}.Debug|Any CPU.ActiveCfg = Debug|Any CPU
		{39E2704C-B0DE-4BD2-849F-5B51332EE03F}.Debug|Any CPU.Build.0 = Debug|Any CPU
		{39E2704C-B0DE-4BD2-849F-5B51332EE03F}.Release|Any CPU.ActiveCfg = Release|Any CPU
		{39E2704C-B0DE-4BD2-849F-5B51332EE03F}.Release|Any CPU.Build.0 = Release|Any CPU
		{6D10BD6E-12BF-4681-B969-5D2F051950C2}.Debug|Any CPU.ActiveCfg = Debug|Any CPU
		{6D10BD6E-12BF-4681-B969-5D2F051950C2}.Debug|Any CPU.Build.0 = Debug|Any CPU
		{6D10BD6E-12BF-4681-B969-5D2F051950C2}.Release|Any CPU.ActiveCfg = Release|Any CPU
		{6D10BD6E-12BF-4681-B969-5D2F051950C2}.Release|Any CPU.Build.0 = Release|Any CPU
		{25627014-8963-42D8-B1EC-A56FBDE16937}.Debug|Any CPU.ActiveCfg = Debug|Any CPU
		{25627014-8963-42D8-B1EC-A56FBDE16937}.Debug|Any CPU.Build.0 = Debug|Any CPU
		{25627014-8963-42D8-B1EC-A56FBDE16937}.Release|Any CPU.ActiveCfg = Release|Any CPU
		{25627014-8963-42D8-B1EC-A56FBDE16937}.Release|Any CPU.Build.0 = Release|Any CPU
	EndGlobalSection
	GlobalSection(SolutionProperties) = preSolution
		HideSolutionNode = FALSE
	EndGlobalSection
	GlobalSection(NestedProjects) = preSolution
		{0B883132-A85E-4EA6-9ADC-1EFD7E006F3E} = {703D8F39-B182-45FF-85DC-140D730F237E}
	EndGlobalSection
	GlobalSection(ExtensibilityGlobals) = postSolution
		SolutionGuid = {3806160E-9B49-41B7-A532-95CD600CE2CF}
	EndGlobalSection
EndGlobal
