
Microsoft Visual Studio Solution File, Format Version 12.00
# Visual Studio 15
VisualStudioVersion = 15.0.27130.2024
MinimumVisualStudioVersion = 10.0.40219.1
Project("{9A19103F-16F7-4668-BE54-9A1E7A4F7556}") = "AspNetCore.Identity.Mongo", "AspNetCore.Identity.Mongo\AspNetCore.Identity.Mongo.csproj", "{39E2704C-B0DE-4BD2-849F-5B51332EE03F}"
EndProject
Project("{9A19103F-16F7-4668-BE54-9A1E7A4F7556}") = "SampleSite", "Sample Site\SampleSite.csproj", "{266938F5-E7F0-4257-97F5-1BF3AFBF3864}"
EndProject
Global
	GlobalSection(SolutionConfigurationPlatforms) = preSolution
		Debug|Any CPU = Debug|Any CPU
		Release|Any CPU = Release|Any CPU
	EndGlobalSection
	GlobalSection(ProjectConfigurationPlatforms) = postSolution
		{39E2704C-B0DE-4BD2-849F-5B51332EE03F}.Debug|Any CPU.ActiveCfg = Debug|Any CPU
		{39E2704C-B0DE-4BD2-849F-5B51332EE03F}.Debug|Any CPU.Build.0 = Debug|Any CPU
		{39E2704C-B0DE-4BD2-849F-5B51332EE03F}.Release|Any CPU.ActiveCfg = Release|Any CPU
		{39E2704C-B0DE-4BD2-849F-5B51332EE03F}.Release|Any CPU.Build.0 = Release|Any CPU
		{266938F5-E7F0-4257-97F5-1BF3AFBF3864}.Debug|Any CPU.ActiveCfg = Debug|Any CPU
		{266938F5-E7F0-4257-97F5-1BF3AFBF3864}.Debug|Any CPU.Build.0 = Debug|Any CPU
		{266938F5-E7F0-4257-97F5-1BF3AFBF3864}.Release|Any CPU.ActiveCfg = Release|Any CPU
		{266938F5-E7F0-4257-97F5-1BF3AFBF3864}.Release|Any CPU.Build.0 = Release|Any CPU
	EndGlobalSection
	GlobalSection(SolutionProperties) = preSolution
		HideSolutionNode = FALSE
	EndGlobalSection
	GlobalSection(ExtensibilityGlobals) = postSolution
		SolutionGuid = {3806160E-9B49-41B7-A532-95CD600CE2CF}
	EndGlobalSection
EndGlobal
